// !$*UTF8*$!
{
	archiveVersion = 1;
	classes = {
	};
	objectVersion = 46;
	objects = {

/* Begin PBXBuildFile section */
		DB057AFE1D28698300A1E08A /* TopicsRepository.swift in Sources */ = {isa = PBXBuildFile; fileRef = DB057AFD1D28698300A1E08A /* TopicsRepository.swift */; };
		DB057B011D29656000A1E08A /* ImageHeader.storyboard in Resources */ = {isa = PBXBuildFile; fileRef = DB057B001D29656000A1E08A /* ImageHeader.storyboard */; };
		DB057B031D29657400A1E08A /* ImageHeaderViewController.swift in Sources */ = {isa = PBXBuildFile; fileRef = DB057B021D29657400A1E08A /* ImageHeaderViewController.swift */; };
		DB0FFBBC1D046FA800DD4B94 /* Session.swift in Sources */ = {isa = PBXBuildFile; fileRef = DB0FFBBB1D046FA800DD4B94 /* Session.swift */; };
		DB0FFBBE1D04719200DD4B94 /* LandetAPI.swift in Sources */ = {isa = PBXBuildFile; fileRef = DB0FFBBD1D04719200DD4B94 /* LandetAPI.swift */; };
		DB0FFBC01D04736B00DD4B94 /* APIClient.swift in Sources */ = {isa = PBXBuildFile; fileRef = DB0FFBBF1D04736B00DD4B94 /* APIClient.swift */; };
		DB0FFBC21D04983700DD4B94 /* HttpStatusCodes.swift in Sources */ = {isa = PBXBuildFile; fileRef = DB0FFBC11D04983700DD4B94 /* HttpStatusCodes.swift */; };
		DB0FFBC51D049CF700DD4B94 /* Async.swift in Sources */ = {isa = PBXBuildFile; fileRef = DB0FFBC41D049CF700DD4B94 /* Async.swift */; };
		DB0FFBC81D04A4C500DD4B94 /* Events.swift in Sources */ = {isa = PBXBuildFile; fileRef = DB0FFBC71D04A4C500DD4B94 /* Events.swift */; };
		DB0FFBCA1D04A53200DD4B94 /* Users.swift in Sources */ = {isa = PBXBuildFile; fileRef = DB0FFBC91D04A53200DD4B94 /* Users.swift */; };
		DB0FFBCC1D04A53800DD4B94 /* Locations.swift in Sources */ = {isa = PBXBuildFile; fileRef = DB0FFBCB1D04A53800DD4B94 /* Locations.swift */; };
		DB0FFBD01D04AEDB00DD4B94 /* RoundRectButton.swift in Sources */ = {isa = PBXBuildFile; fileRef = DB0FFBCE1D04AEDB00DD4B94 /* RoundRectButton.swift */; };
		DB0FFBD11D04AEDB00DD4B94 /* RoundRectView.swift in Sources */ = {isa = PBXBuildFile; fileRef = DB0FFBCF1D04AEDB00DD4B94 /* RoundRectView.swift */; };
		DB0FFBD41D04C32B00DD4B94 /* EventsViewController.swift in Sources */ = {isa = PBXBuildFile; fileRef = DB0FFBD31D04C32B00DD4B94 /* EventsViewController.swift */; };
		DB0FFBD61D04C33600DD4B94 /* Events.storyboard in Resources */ = {isa = PBXBuildFile; fileRef = DB0FFBD51D04C33600DD4B94 /* Events.storyboard */; };
		DB0FFBD81D04C34400DD4B94 /* Events.xcassets in Resources */ = {isa = PBXBuildFile; fileRef = DB0FFBD71D04C34400DD4B94 /* Events.xcassets */; };
		DB0FFBDA1D04C42000DD4B94 /* EventsTableViewController.swift in Sources */ = {isa = PBXBuildFile; fileRef = DB0FFBD91D04C42000DD4B94 /* EventsTableViewController.swift */; };
		DB0FFBDF1D04CD3900DD4B94 /* NSDate+Extension.swift in Sources */ = {isa = PBXBuildFile; fileRef = DB0FFBDE1D04CD3900DD4B94 /* NSDate+Extension.swift */; };
		DB0FFBE21D05A9BB00DD4B94 /* AsyncOperation.swift in Sources */ = {isa = PBXBuildFile; fileRef = DB0FFBE11D05A9BB00DD4B94 /* AsyncOperation.swift */; };
		DB0FFBE41D05AA6C00DD4B94 /* LandetAPIError.swift in Sources */ = {isa = PBXBuildFile; fileRef = DB0FFBE31D05AA6C00DD4B94 /* LandetAPIError.swift */; };
		DB22B20A1D30124A007FE73C /* CreateTopicCollectionViewCell.swift in Sources */ = {isa = PBXBuildFile; fileRef = DB22B2081D30124A007FE73C /* CreateTopicCollectionViewCell.swift */; };
		DB22B20B1D30124A007FE73C /* CreateTopicCollectionViewCell.xib in Resources */ = {isa = PBXBuildFile; fileRef = DB22B2091D30124A007FE73C /* CreateTopicCollectionViewCell.xib */; };
		DB2E69901D217ACB00753FDE /* Topics.swift in Sources */ = {isa = PBXBuildFile; fileRef = DB2E698F1D217ACB00753FDE /* Topics.swift */; };
		DB2E69941D217F6E00753FDE /* SpinnerCollectionViewCell.swift in Sources */ = {isa = PBXBuildFile; fileRef = DB2E69921D217F6E00753FDE /* SpinnerCollectionViewCell.swift */; };
		DB2E69951D217F6E00753FDE /* SpinnerCollectionViewCell.xib in Resources */ = {isa = PBXBuildFile; fileRef = DB2E69931D217F6E00753FDE /* SpinnerCollectionViewCell.xib */; };
		DB2E69981D21805100753FDE /* LandetCollectionViewStyle.swift in Sources */ = {isa = PBXBuildFile; fileRef = DB2E69971D21805100753FDE /* LandetCollectionViewStyle.swift */; };
		DB2E699A1D21810400753FDE /* TopicsHeaderCollectionViewCell.xib in Resources */ = {isa = PBXBuildFile; fileRef = DB2E69991D21810400753FDE /* TopicsHeaderCollectionViewCell.xib */; };
		DB36CDD71D05C15200B94422 /* APIOperation.swift in Sources */ = {isa = PBXBuildFile; fileRef = DB36CDD61D05C15200B94422 /* APIOperation.swift */; };
		DB36CDDA1D062D1A00B94422 /* CreateEvent.storyboard in Resources */ = {isa = PBXBuildFile; fileRef = DB36CDD91D062D1A00B94422 /* CreateEvent.storyboard */; };
		DB36CDDC1D062D2C00B94422 /* CreateEventViewController.swift in Sources */ = {isa = PBXBuildFile; fileRef = DB36CDDB1D062D2C00B94422 /* CreateEventViewController.swift */; };
		DB36CDE01D06306500B94422 /* Auth.storyboard in Resources */ = {isa = PBXBuildFile; fileRef = DB36CDDF1D06306500B94422 /* Auth.storyboard */; };
		DB36CDE31D06308500B94422 /* LoginViewController.swift in Sources */ = {isa = PBXBuildFile; fileRef = DB36CDE21D06308500B94422 /* LoginViewController.swift */; };
		DB36CDE51D06313100B94422 /* AuthOverlayController.swift in Sources */ = {isa = PBXBuildFile; fileRef = DB36CDE41D06313100B94422 /* AuthOverlayController.swift */; };
		DB764B7C1D2C309400D0D638 /* DatePicker.swift in Sources */ = {isa = PBXBuildFile; fileRef = DB764B7B1D2C309400D0D638 /* DatePicker.swift */; };
		DB764B7E1D2C30B600D0D638 /* LocationPIcker.swift in Sources */ = {isa = PBXBuildFile; fileRef = DB764B7D1D2C30B600D0D638 /* LocationPIcker.swift */; };
		DB764B801D2C39AC00D0D638 /* ImageLoader.swift in Sources */ = {isa = PBXBuildFile; fileRef = DB764B7F1D2C39AC00D0D638 /* ImageLoader.swift */; };
		DB764B831D2C4C4600D0D638 /* CreateTopic.storyboard in Resources */ = {isa = PBXBuildFile; fileRef = DB764B821D2C4C4600D0D638 /* CreateTopic.storyboard */; };
		DB764B851D2C4C5300D0D638 /* CreateTopicViewController.swift in Sources */ = {isa = PBXBuildFile; fileRef = DB764B841D2C4C5300D0D638 /* CreateTopicViewController.swift */; };
		DB9592181D32635500E852D2 /* EventDetailsCell.swift in Sources */ = {isa = PBXBuildFile; fileRef = DB9592161D32635500E852D2 /* EventDetailsCell.swift */; };
		DB9592191D32635500E852D2 /* EventDetailsCell.xib in Resources */ = {isa = PBXBuildFile; fileRef = DB9592171D32635500E852D2 /* EventDetailsCell.xib */; };
		DB95E2861D2EED3300EBC34E /* LocationDetailsViewController.swift in Sources */ = {isa = PBXBuildFile; fileRef = DB95E2851D2EED3300EBC34E /* LocationDetailsViewController.swift */; };
		DB95E2881D2EED4300EBC34E /* LocationDetailsAnimator.swift in Sources */ = {isa = PBXBuildFile; fileRef = DB95E2871D2EED4300EBC34E /* LocationDetailsAnimator.swift */; };
		DB95E28A1D2EEDCA00EBC34E /* LocationDetails.storyboard in Resources */ = {isa = PBXBuildFile; fileRef = DB95E2891D2EEDCA00EBC34E /* LocationDetails.storyboard */; };
		DBA9B40D1D11B9CD00DB6EBB /* TextFieldCell.swift in Sources */ = {isa = PBXBuildFile; fileRef = DBA9B40B1D11B9CD00DB6EBB /* TextFieldCell.swift */; };
		DBA9B40E1D11B9CD00DB6EBB /* TextFieldCell.xib in Resources */ = {isa = PBXBuildFile; fileRef = DBA9B40C1D11B9CD00DB6EBB /* TextFieldCell.xib */; };
		DBA9B4111D11BD5A00DB6EBB /* SpinnerCell.swift in Sources */ = {isa = PBXBuildFile; fileRef = DBA9B40F1D11BD5A00DB6EBB /* SpinnerCell.swift */; };
		DBA9B4121D11BD5A00DB6EBB /* SpinnerCell.xib in Resources */ = {isa = PBXBuildFile; fileRef = DBA9B4101D11BD5A00DB6EBB /* SpinnerCell.xib */; };
		DBA9B4141D11C21900DB6EBB /* CGExtras.swift in Sources */ = {isa = PBXBuildFile; fileRef = DBA9B4131D11C21900DB6EBB /* CGExtras.swift */; };
		DBAE84511D2D5F10000DF24D /* CreateTopicAnimator.swift in Sources */ = {isa = PBXBuildFile; fileRef = DBAE84501D2D5F10000DF24D /* CreateTopicAnimator.swift */; };
		DBB38A291D0D96B400BEE506 /* CreateEventTableViewController.swift in Sources */ = {isa = PBXBuildFile; fileRef = DBB38A281D0D96B400BEE506 /* CreateEventTableViewController.swift */; };
		DBB38A2B1D0D97B200BEE506 /* LandetTextField.swift in Sources */ = {isa = PBXBuildFile; fileRef = DBB38A2A1D0D97B200BEE506 /* LandetTextField.swift */; };
		DBB38A2D1D0DAA1900BEE506 /* APIUtil.swift in Sources */ = {isa = PBXBuildFile; fileRef = DBB38A2C1D0DAA1900BEE506 /* APIUtil.swift */; };
		DBB38A301D0DB57A00BEE506 /* EventDetails.storyboard in Resources */ = {isa = PBXBuildFile; fileRef = DBB38A2F1D0DB57A00BEE506 /* EventDetails.storyboard */; };
		DBB38A321D0DB58A00BEE506 /* EventDetailsViewController.swift in Sources */ = {isa = PBXBuildFile; fileRef = DBB38A311D0DB58A00BEE506 /* EventDetailsViewController.swift */; };
		DBB38A341D0DB59900BEE506 /* EventDetailsTableViewController.swift in Sources */ = {isa = PBXBuildFile; fileRef = DBB38A331D0DB59900BEE506 /* EventDetailsTableViewController.swift */; };
		DBB38A361D0DB5AF00BEE506 /* EventDetailsTableDataSource.swift in Sources */ = {isa = PBXBuildFile; fileRef = DBB38A351D0DB5AF00BEE506 /* EventDetailsTableDataSource.swift */; };
		DBB38A381D0DC04300BEE506 /* UIViewController+Extension.swift in Sources */ = {isa = PBXBuildFile; fileRef = DBB38A371D0DC04300BEE506 /* UIViewController+Extension.swift */; };
		DBB38A3A1D0DC0F100BEE506 /* EventsTableDataSource.swift in Sources */ = {isa = PBXBuildFile; fileRef = DBB38A391D0DC0F100BEE506 /* EventsTableDataSource.swift */; };
		DBD1F8191D045B0D0035A7B4 /* AppDelegate.swift in Sources */ = {isa = PBXBuildFile; fileRef = DBD1F8181D045B0D0035A7B4 /* AppDelegate.swift */; };
		DBD1F8201D045B0D0035A7B4 /* AppNavigation.storyboard in Resources */ = {isa = PBXBuildFile; fileRef = DBD1F81E1D045B0D0035A7B4 /* AppNavigation.storyboard */; };
		DBD1F8221D045B0D0035A7B4 /* Common.xcassets in Resources */ = {isa = PBXBuildFile; fileRef = DBD1F8211D045B0D0035A7B4 /* Common.xcassets */; };
		DBD1F8251D045B0D0035A7B4 /* LaunchScreen.storyboard in Resources */ = {isa = PBXBuildFile; fileRef = DBD1F8231D045B0D0035A7B4 /* LaunchScreen.storyboard */; };
		DBD1F8311D045BB10035A7B4 /* AppNavigationController.swift in Sources */ = {isa = PBXBuildFile; fileRef = DBD1F8301D045BB10035A7B4 /* AppNavigationController.swift */; };
		DBD1F8351D045C520035A7B4 /* Topics.storyboard in Resources */ = {isa = PBXBuildFile; fileRef = DBD1F8341D045C520035A7B4 /* Topics.storyboard */; };
		DBD1F8371D045C580035A7B4 /* Map.storyboard in Resources */ = {isa = PBXBuildFile; fileRef = DBD1F8361D045C580035A7B4 /* Map.storyboard */; };
		DBD1F8391D045EFA0035A7B4 /* MapViewController.swift in Sources */ = {isa = PBXBuildFile; fileRef = DBD1F8381D045EFA0035A7B4 /* MapViewController.swift */; };
		DBD1F83B1D045F020035A7B4 /* TopicsViewController.swift in Sources */ = {isa = PBXBuildFile; fileRef = DBD1F83A1D045F020035A7B4 /* TopicsViewController.swift */; };
		DBD1F83D1D045F5C0035A7B4 /* TopicsTableViewController.swift in Sources */ = {isa = PBXBuildFile; fileRef = DBD1F83C1D045F5C0035A7B4 /* TopicsTableViewController.swift */; };
		DBD1F8401D0460190035A7B4 /* Theme.swift in Sources */ = {isa = PBXBuildFile; fileRef = DBD1F83F1D0460190035A7B4 /* Theme.swift */; };
		DBD1F8421D04601E0035A7B4 /* Colors.swift in Sources */ = {isa = PBXBuildFile; fileRef = DBD1F8411D04601E0035A7B4 /* Colors.swift */; };
		DBD1F8441D0468880035A7B4 /* Map.xcassets in Resources */ = {isa = PBXBuildFile; fileRef = DBD1F8431D0468880035A7B4 /* Map.xcassets */; };
		DBD1F8461D04688E0035A7B4 /* Topics.xcassets in Resources */ = {isa = PBXBuildFile; fileRef = DBD1F8451D04688E0035A7B4 /* Topics.xcassets */; };
		DBD5D7D61D0E0F6A0053DC6A /* EventSummaryCell.swift in Sources */ = {isa = PBXBuildFile; fileRef = DBD5D7D41D0E0F6A0053DC6A /* EventSummaryCell.swift */; };
		DBD5D7D71D0E0F6A0053DC6A /* EventSummaryCell.xib in Resources */ = {isa = PBXBuildFile; fileRef = DBD5D7D51D0E0F6A0053DC6A /* EventSummaryCell.xib */; };
		DBD5D7DA1D0E0FB90053DC6A /* LandetTableViewStyle.swift in Sources */ = {isa = PBXBuildFile; fileRef = DBD5D7D91D0E0FB90053DC6A /* LandetTableViewStyle.swift */; };
		DBD5D7DE1D0E13640053DC6A /* CommentsHeaderView.xib in Resources */ = {isa = PBXBuildFile; fileRef = DBD5D7DC1D0E13640053DC6A /* CommentsHeaderView.xib */; };
		DBD5D7DF1D0E13640053DC6A /* CommentsHeaderView.swift in Sources */ = {isa = PBXBuildFile; fileRef = DBD5D7DD1D0E13640053DC6A /* CommentsHeaderView.swift */; };
		DBD5D7E21D0E1B380053DC6A /* CommentCell.swift in Sources */ = {isa = PBXBuildFile; fileRef = DBD5D7E01D0E1B380053DC6A /* CommentCell.swift */; };
		DBD5D7E31D0E1B380053DC6A /* CommentCell.xib in Resources */ = {isa = PBXBuildFile; fileRef = DBD5D7E11D0E1B380053DC6A /* CommentCell.xib */; };
		DBD5D7E51D0E1FFC0053DC6A /* KeyboardObserver.swift in Sources */ = {isa = PBXBuildFile; fileRef = DBD5D7E41D0E1FFC0053DC6A /* KeyboardObserver.swift */; };
		DBDCC5061D18874400DD00C0 /* TopicsHeaderViewController.swift in Sources */ = {isa = PBXBuildFile; fileRef = DBDCC5051D18874400DD00C0 /* TopicsHeaderViewController.swift */; };
		DBDCC5081D18875A00DD00C0 /* TopicsHeader.storyboard in Resources */ = {isa = PBXBuildFile; fileRef = DBDCC5071D18875A00DD00C0 /* TopicsHeader.storyboard */; };
		DBDCC50A1D188A7800DD00C0 /* TopicsHeaderCollectionViewCell.swift in Sources */ = {isa = PBXBuildFile; fileRef = DBDCC5091D188A7800DD00C0 /* TopicsHeaderCollectionViewCell.swift */; };
/* End PBXBuildFile section */

/* Begin PBXFileReference section */
		DB057AFD1D28698300A1E08A /* TopicsRepository.swift */ = {isa = PBXFileReference; fileEncoding = 4; lastKnownFileType = sourcecode.swift; path = TopicsRepository.swift; sourceTree = "<group>"; };
		DB057B001D29656000A1E08A /* ImageHeader.storyboard */ = {isa = PBXFileReference; fileEncoding = 4; lastKnownFileType = file.storyboard; path = ImageHeader.storyboard; sourceTree = "<group>"; };
		DB057B021D29657400A1E08A /* ImageHeaderViewController.swift */ = {isa = PBXFileReference; fileEncoding = 4; lastKnownFileType = sourcecode.swift; path = ImageHeaderViewController.swift; sourceTree = "<group>"; };
		DB0FFBBB1D046FA800DD4B94 /* Session.swift */ = {isa = PBXFileReference; fileEncoding = 4; lastKnownFileType = sourcecode.swift; path = Session.swift; sourceTree = "<group>"; };
		DB0FFBBD1D04719200DD4B94 /* LandetAPI.swift */ = {isa = PBXFileReference; fileEncoding = 4; lastKnownFileType = sourcecode.swift; path = LandetAPI.swift; sourceTree = "<group>"; };
		DB0FFBBF1D04736B00DD4B94 /* APIClient.swift */ = {isa = PBXFileReference; fileEncoding = 4; lastKnownFileType = sourcecode.swift; path = APIClient.swift; sourceTree = "<group>"; };
		DB0FFBC11D04983700DD4B94 /* HttpStatusCodes.swift */ = {isa = PBXFileReference; fileEncoding = 4; lastKnownFileType = sourcecode.swift; path = HttpStatusCodes.swift; sourceTree = "<group>"; };
		DB0FFBC41D049CF700DD4B94 /* Async.swift */ = {isa = PBXFileReference; fileEncoding = 4; lastKnownFileType = sourcecode.swift; path = Async.swift; sourceTree = "<group>"; };
		DB0FFBC71D04A4C500DD4B94 /* Events.swift */ = {isa = PBXFileReference; fileEncoding = 4; lastKnownFileType = sourcecode.swift; path = Events.swift; sourceTree = "<group>"; };
		DB0FFBC91D04A53200DD4B94 /* Users.swift */ = {isa = PBXFileReference; fileEncoding = 4; lastKnownFileType = sourcecode.swift; path = Users.swift; sourceTree = "<group>"; };
		DB0FFBCB1D04A53800DD4B94 /* Locations.swift */ = {isa = PBXFileReference; fileEncoding = 4; lastKnownFileType = sourcecode.swift; path = Locations.swift; sourceTree = "<group>"; };
		DB0FFBCE1D04AEDB00DD4B94 /* RoundRectButton.swift */ = {isa = PBXFileReference; fileEncoding = 4; lastKnownFileType = sourcecode.swift; path = RoundRectButton.swift; sourceTree = "<group>"; };
		DB0FFBCF1D04AEDB00DD4B94 /* RoundRectView.swift */ = {isa = PBXFileReference; fileEncoding = 4; lastKnownFileType = sourcecode.swift; path = RoundRectView.swift; sourceTree = "<group>"; };
		DB0FFBD31D04C32B00DD4B94 /* EventsViewController.swift */ = {isa = PBXFileReference; fileEncoding = 4; lastKnownFileType = sourcecode.swift; path = EventsViewController.swift; sourceTree = "<group>"; };
		DB0FFBD51D04C33600DD4B94 /* Events.storyboard */ = {isa = PBXFileReference; fileEncoding = 4; lastKnownFileType = file.storyboard; path = Events.storyboard; sourceTree = "<group>"; };
		DB0FFBD71D04C34400DD4B94 /* Events.xcassets */ = {isa = PBXFileReference; lastKnownFileType = folder.assetcatalog; path = Events.xcassets; sourceTree = "<group>"; };
		DB0FFBD91D04C42000DD4B94 /* EventsTableViewController.swift */ = {isa = PBXFileReference; fileEncoding = 4; lastKnownFileType = sourcecode.swift; path = EventsTableViewController.swift; sourceTree = "<group>"; };
		DB0FFBDE1D04CD3900DD4B94 /* NSDate+Extension.swift */ = {isa = PBXFileReference; fileEncoding = 4; lastKnownFileType = sourcecode.swift; path = "NSDate+Extension.swift"; sourceTree = "<group>"; };
		DB0FFBE11D05A9BB00DD4B94 /* AsyncOperation.swift */ = {isa = PBXFileReference; fileEncoding = 4; lastKnownFileType = sourcecode.swift; path = AsyncOperation.swift; sourceTree = "<group>"; };
		DB0FFBE31D05AA6C00DD4B94 /* LandetAPIError.swift */ = {isa = PBXFileReference; fileEncoding = 4; lastKnownFileType = sourcecode.swift; path = LandetAPIError.swift; sourceTree = "<group>"; };
		DB22B2081D30124A007FE73C /* CreateTopicCollectionViewCell.swift */ = {isa = PBXFileReference; fileEncoding = 4; lastKnownFileType = sourcecode.swift; path = CreateTopicCollectionViewCell.swift; sourceTree = "<group>"; };
		DB22B2091D30124A007FE73C /* CreateTopicCollectionViewCell.xib */ = {isa = PBXFileReference; fileEncoding = 4; lastKnownFileType = file.xib; path = CreateTopicCollectionViewCell.xib; sourceTree = "<group>"; };
		DB2E698F1D217ACB00753FDE /* Topics.swift */ = {isa = PBXFileReference; fileEncoding = 4; lastKnownFileType = sourcecode.swift; path = Topics.swift; sourceTree = "<group>"; };
		DB2E69921D217F6E00753FDE /* SpinnerCollectionViewCell.swift */ = {isa = PBXFileReference; fileEncoding = 4; lastKnownFileType = sourcecode.swift; path = SpinnerCollectionViewCell.swift; sourceTree = "<group>"; };
		DB2E69931D217F6E00753FDE /* SpinnerCollectionViewCell.xib */ = {isa = PBXFileReference; fileEncoding = 4; lastKnownFileType = file.xib; path = SpinnerCollectionViewCell.xib; sourceTree = "<group>"; };
		DB2E69971D21805100753FDE /* LandetCollectionViewStyle.swift */ = {isa = PBXFileReference; fileEncoding = 4; lastKnownFileType = sourcecode.swift; path = LandetCollectionViewStyle.swift; sourceTree = "<group>"; };
		DB2E69991D21810400753FDE /* TopicsHeaderCollectionViewCell.xib */ = {isa = PBXFileReference; fileEncoding = 4; lastKnownFileType = file.xib; path = TopicsHeaderCollectionViewCell.xib; sourceTree = "<group>"; };
		DB36CDD61D05C15200B94422 /* APIOperation.swift */ = {isa = PBXFileReference; fileEncoding = 4; lastKnownFileType = sourcecode.swift; path = APIOperation.swift; sourceTree = "<group>"; };
		DB36CDD91D062D1A00B94422 /* CreateEvent.storyboard */ = {isa = PBXFileReference; fileEncoding = 4; lastKnownFileType = file.storyboard; path = CreateEvent.storyboard; sourceTree = "<group>"; };
		DB36CDDB1D062D2C00B94422 /* CreateEventViewController.swift */ = {isa = PBXFileReference; fileEncoding = 4; lastKnownFileType = sourcecode.swift; path = CreateEventViewController.swift; sourceTree = "<group>"; };
		DB36CDDF1D06306500B94422 /* Auth.storyboard */ = {isa = PBXFileReference; fileEncoding = 4; lastKnownFileType = file.storyboard; path = Auth.storyboard; sourceTree = "<group>"; };
		DB36CDE21D06308500B94422 /* LoginViewController.swift */ = {isa = PBXFileReference; fileEncoding = 4; lastKnownFileType = sourcecode.swift; path = LoginViewController.swift; sourceTree = "<group>"; };
		DB36CDE41D06313100B94422 /* AuthOverlayController.swift */ = {isa = PBXFileReference; fileEncoding = 4; lastKnownFileType = sourcecode.swift; path = AuthOverlayController.swift; sourceTree = "<group>"; };
		DB764B7B1D2C309400D0D638 /* DatePicker.swift */ = {isa = PBXFileReference; fileEncoding = 4; lastKnownFileType = sourcecode.swift; path = DatePicker.swift; sourceTree = "<group>"; };
		DB764B7D1D2C30B600D0D638 /* LocationPIcker.swift */ = {isa = PBXFileReference; fileEncoding = 4; lastKnownFileType = sourcecode.swift; path = LocationPIcker.swift; sourceTree = "<group>"; };
		DB764B7F1D2C39AC00D0D638 /* ImageLoader.swift */ = {isa = PBXFileReference; fileEncoding = 4; lastKnownFileType = sourcecode.swift; path = ImageLoader.swift; sourceTree = "<group>"; };
		DB764B821D2C4C4600D0D638 /* CreateTopic.storyboard */ = {isa = PBXFileReference; fileEncoding = 4; lastKnownFileType = file.storyboard; path = CreateTopic.storyboard; sourceTree = "<group>"; };
		DB764B841D2C4C5300D0D638 /* CreateTopicViewController.swift */ = {isa = PBXFileReference; fileEncoding = 4; lastKnownFileType = sourcecode.swift; path = CreateTopicViewController.swift; sourceTree = "<group>"; };
		DB9592161D32635500E852D2 /* EventDetailsCell.swift */ = {isa = PBXFileReference; fileEncoding = 4; lastKnownFileType = sourcecode.swift; path = EventDetailsCell.swift; sourceTree = "<group>"; };
		DB9592171D32635500E852D2 /* EventDetailsCell.xib */ = {isa = PBXFileReference; fileEncoding = 4; lastKnownFileType = file.xib; path = EventDetailsCell.xib; sourceTree = "<group>"; };
		DB95E2851D2EED3300EBC34E /* LocationDetailsViewController.swift */ = {isa = PBXFileReference; fileEncoding = 4; lastKnownFileType = sourcecode.swift; path = LocationDetailsViewController.swift; sourceTree = "<group>"; };
		DB95E2871D2EED4300EBC34E /* LocationDetailsAnimator.swift */ = {isa = PBXFileReference; fileEncoding = 4; lastKnownFileType = sourcecode.swift; path = LocationDetailsAnimator.swift; sourceTree = "<group>"; };
		DB95E2891D2EEDCA00EBC34E /* LocationDetails.storyboard */ = {isa = PBXFileReference; fileEncoding = 4; lastKnownFileType = file.storyboard; path = LocationDetails.storyboard; sourceTree = "<group>"; };
		DBA9B40B1D11B9CD00DB6EBB /* TextFieldCell.swift */ = {isa = PBXFileReference; fileEncoding = 4; lastKnownFileType = sourcecode.swift; path = TextFieldCell.swift; sourceTree = "<group>"; };
		DBA9B40C1D11B9CD00DB6EBB /* TextFieldCell.xib */ = {isa = PBXFileReference; fileEncoding = 4; lastKnownFileType = file.xib; path = TextFieldCell.xib; sourceTree = "<group>"; };
		DBA9B40F1D11BD5A00DB6EBB /* SpinnerCell.swift */ = {isa = PBXFileReference; fileEncoding = 4; lastKnownFileType = sourcecode.swift; path = SpinnerCell.swift; sourceTree = "<group>"; };
		DBA9B4101D11BD5A00DB6EBB /* SpinnerCell.xib */ = {isa = PBXFileReference; fileEncoding = 4; lastKnownFileType = file.xib; path = SpinnerCell.xib; sourceTree = "<group>"; };
		DBA9B4131D11C21900DB6EBB /* CGExtras.swift */ = {isa = PBXFileReference; fileEncoding = 4; lastKnownFileType = sourcecode.swift; path = CGExtras.swift; sourceTree = "<group>"; };
		DBAE84501D2D5F10000DF24D /* CreateTopicAnimator.swift */ = {isa = PBXFileReference; fileEncoding = 4; lastKnownFileType = sourcecode.swift; path = CreateTopicAnimator.swift; sourceTree = "<group>"; };
		DBB38A281D0D96B400BEE506 /* CreateEventTableViewController.swift */ = {isa = PBXFileReference; fileEncoding = 4; lastKnownFileType = sourcecode.swift; path = CreateEventTableViewController.swift; sourceTree = "<group>"; };
		DBB38A2A1D0D97B200BEE506 /* LandetTextField.swift */ = {isa = PBXFileReference; fileEncoding = 4; lastKnownFileType = sourcecode.swift; path = LandetTextField.swift; sourceTree = "<group>"; };
		DBB38A2C1D0DAA1900BEE506 /* APIUtil.swift */ = {isa = PBXFileReference; fileEncoding = 4; lastKnownFileType = sourcecode.swift; path = APIUtil.swift; sourceTree = "<group>"; };
		DBB38A2F1D0DB57A00BEE506 /* EventDetails.storyboard */ = {isa = PBXFileReference; fileEncoding = 4; lastKnownFileType = file.storyboard; path = EventDetails.storyboard; sourceTree = "<group>"; };
		DBB38A311D0DB58A00BEE506 /* EventDetailsViewController.swift */ = {isa = PBXFileReference; fileEncoding = 4; lastKnownFileType = sourcecode.swift; path = EventDetailsViewController.swift; sourceTree = "<group>"; };
		DBB38A331D0DB59900BEE506 /* EventDetailsTableViewController.swift */ = {isa = PBXFileReference; fileEncoding = 4; lastKnownFileType = sourcecode.swift; path = EventDetailsTableViewController.swift; sourceTree = "<group>"; };
		DBB38A351D0DB5AF00BEE506 /* EventDetailsTableDataSource.swift */ = {isa = PBXFileReference; fileEncoding = 4; lastKnownFileType = sourcecode.swift; path = EventDetailsTableDataSource.swift; sourceTree = "<group>"; };
		DBB38A371D0DC04300BEE506 /* UIViewController+Extension.swift */ = {isa = PBXFileReference; fileEncoding = 4; lastKnownFileType = sourcecode.swift; path = "UIViewController+Extension.swift"; sourceTree = "<group>"; };
		DBB38A391D0DC0F100BEE506 /* EventsTableDataSource.swift */ = {isa = PBXFileReference; fileEncoding = 4; lastKnownFileType = sourcecode.swift; path = EventsTableDataSource.swift; sourceTree = "<group>"; };
		DBD1F8151D045B0D0035A7B4 /* Landet.app */ = {isa = PBXFileReference; explicitFileType = wrapper.application; includeInIndex = 0; path = Landet.app; sourceTree = BUILT_PRODUCTS_DIR; };
		DBD1F8181D045B0D0035A7B4 /* AppDelegate.swift */ = {isa = PBXFileReference; lastKnownFileType = sourcecode.swift; path = AppDelegate.swift; sourceTree = "<group>"; };
		DBD1F81F1D045B0D0035A7B4 /* Base */ = {isa = PBXFileReference; lastKnownFileType = file.storyboard; name = Base; path = Base.lproj/AppNavigation.storyboard; sourceTree = "<group>"; };
		DBD1F8211D045B0D0035A7B4 /* Common.xcassets */ = {isa = PBXFileReference; lastKnownFileType = folder.assetcatalog; path = Common.xcassets; sourceTree = "<group>"; };
		DBD1F8241D045B0D0035A7B4 /* Base */ = {isa = PBXFileReference; lastKnownFileType = file.storyboard; name = Base; path = Base.lproj/LaunchScreen.storyboard; sourceTree = "<group>"; };
		DBD1F8261D045B0D0035A7B4 /* Info.plist */ = {isa = PBXFileReference; lastKnownFileType = text.plist.xml; path = Info.plist; sourceTree = "<group>"; };
		DBD1F8301D045BB10035A7B4 /* AppNavigationController.swift */ = {isa = PBXFileReference; fileEncoding = 4; lastKnownFileType = sourcecode.swift; path = AppNavigationController.swift; sourceTree = "<group>"; };
		DBD1F8341D045C520035A7B4 /* Topics.storyboard */ = {isa = PBXFileReference; fileEncoding = 4; lastKnownFileType = file.storyboard; path = Topics.storyboard; sourceTree = "<group>"; };
		DBD1F8361D045C580035A7B4 /* Map.storyboard */ = {isa = PBXFileReference; fileEncoding = 4; lastKnownFileType = file.storyboard; path = Map.storyboard; sourceTree = "<group>"; };
		DBD1F8381D045EFA0035A7B4 /* MapViewController.swift */ = {isa = PBXFileReference; fileEncoding = 4; lastKnownFileType = sourcecode.swift; path = MapViewController.swift; sourceTree = "<group>"; };
		DBD1F83A1D045F020035A7B4 /* TopicsViewController.swift */ = {isa = PBXFileReference; fileEncoding = 4; lastKnownFileType = sourcecode.swift; path = TopicsViewController.swift; sourceTree = "<group>"; };
		DBD1F83C1D045F5C0035A7B4 /* TopicsTableViewController.swift */ = {isa = PBXFileReference; fileEncoding = 4; lastKnownFileType = sourcecode.swift; path = TopicsTableViewController.swift; sourceTree = "<group>"; };
		DBD1F83F1D0460190035A7B4 /* Theme.swift */ = {isa = PBXFileReference; fileEncoding = 4; lastKnownFileType = sourcecode.swift; path = Theme.swift; sourceTree = "<group>"; };
		DBD1F8411D04601E0035A7B4 /* Colors.swift */ = {isa = PBXFileReference; fileEncoding = 4; lastKnownFileType = sourcecode.swift; path = Colors.swift; sourceTree = "<group>"; };
		DBD1F8431D0468880035A7B4 /* Map.xcassets */ = {isa = PBXFileReference; lastKnownFileType = folder.assetcatalog; path = Map.xcassets; sourceTree = "<group>"; };
		DBD1F8451D04688E0035A7B4 /* Topics.xcassets */ = {isa = PBXFileReference; lastKnownFileType = folder.assetcatalog; path = Topics.xcassets; sourceTree = "<group>"; };
		DBD5D7D41D0E0F6A0053DC6A /* EventSummaryCell.swift */ = {isa = PBXFileReference; fileEncoding = 4; lastKnownFileType = sourcecode.swift; path = EventSummaryCell.swift; sourceTree = "<group>"; };
		DBD5D7D51D0E0F6A0053DC6A /* EventSummaryCell.xib */ = {isa = PBXFileReference; fileEncoding = 4; lastKnownFileType = file.xib; path = EventSummaryCell.xib; sourceTree = "<group>"; };
		DBD5D7D91D0E0FB90053DC6A /* LandetTableViewStyle.swift */ = {isa = PBXFileReference; fileEncoding = 4; lastKnownFileType = sourcecode.swift; path = LandetTableViewStyle.swift; sourceTree = "<group>"; };
		DBD5D7DC1D0E13640053DC6A /* CommentsHeaderView.xib */ = {isa = PBXFileReference; fileEncoding = 4; lastKnownFileType = file.xib; path = CommentsHeaderView.xib; sourceTree = "<group>"; };
		DBD5D7DD1D0E13640053DC6A /* CommentsHeaderView.swift */ = {isa = PBXFileReference; fileEncoding = 4; lastKnownFileType = sourcecode.swift; path = CommentsHeaderView.swift; sourceTree = "<group>"; };
		DBD5D7E01D0E1B380053DC6A /* CommentCell.swift */ = {isa = PBXFileReference; fileEncoding = 4; lastKnownFileType = sourcecode.swift; path = CommentCell.swift; sourceTree = "<group>"; };
		DBD5D7E11D0E1B380053DC6A /* CommentCell.xib */ = {isa = PBXFileReference; fileEncoding = 4; lastKnownFileType = file.xib; path = CommentCell.xib; sourceTree = "<group>"; };
		DBD5D7E41D0E1FFC0053DC6A /* KeyboardObserver.swift */ = {isa = PBXFileReference; fileEncoding = 4; lastKnownFileType = sourcecode.swift; path = KeyboardObserver.swift; sourceTree = "<group>"; };
		DBDCC5051D18874400DD00C0 /* TopicsHeaderViewController.swift */ = {isa = PBXFileReference; fileEncoding = 4; lastKnownFileType = sourcecode.swift; path = TopicsHeaderViewController.swift; sourceTree = "<group>"; };
		DBDCC5071D18875A00DD00C0 /* TopicsHeader.storyboard */ = {isa = PBXFileReference; fileEncoding = 4; lastKnownFileType = file.storyboard; path = TopicsHeader.storyboard; sourceTree = "<group>"; };
		DBDCC5091D188A7800DD00C0 /* TopicsHeaderCollectionViewCell.swift */ = {isa = PBXFileReference; fileEncoding = 4; lastKnownFileType = sourcecode.swift; path = TopicsHeaderCollectionViewCell.swift; sourceTree = "<group>"; };
/* End PBXFileReference section */

/* Begin PBXFrameworksBuildPhase section */
		DBD1F8121D045B0D0035A7B4 /* Frameworks */ = {
			isa = PBXFrameworksBuildPhase;
			buildActionMask = 2147483647;
			files = (
			);
			runOnlyForDeploymentPostprocessing = 0;
		};
/* End PBXFrameworksBuildPhase section */

/* Begin PBXGroup section */
		DB057AFF1D29655100A1E08A /* Image */ = {
			isa = PBXGroup;
			children = (
				DB057B001D29656000A1E08A /* ImageHeader.storyboard */,
				DB057B021D29657400A1E08A /* ImageHeaderViewController.swift */,
			);
			name = Image;
			sourceTree = "<group>";
		};
		DB0FFBBA1D046F9A00DD4B94 /* API */ = {
			isa = PBXGroup;
			children = (
				DB0FFBBF1D04736B00DD4B94 /* APIClient.swift */,
				DB36CDD61D05C15200B94422 /* APIOperation.swift */,
				DB0FFBC11D04983700DD4B94 /* HttpStatusCodes.swift */,
				DB0FFBC61D04A4B800DD4B94 /* Model */,
				DB0FFBBD1D04719200DD4B94 /* LandetAPI.swift */,
				DBB38A2C1D0DAA1900BEE506 /* APIUtil.swift */,
				DB0FFBE31D05AA6C00DD4B94 /* LandetAPIError.swift */,
			);
			name = API;
			sourceTree = "<group>";
		};
		DB0FFBC31D049CEA00DD4B94 /* Util */ = {
			isa = PBXGroup;
			children = (
				DB764B7F1D2C39AC00D0D638 /* ImageLoader.swift */,
				DB764B7A1D2C308900D0D638 /* Location picker */,
				DB764B791D2C308400D0D638 /* Date picker */,
				DB0FFBE01D05A9AC00DD4B94 /* Concurrency */,
				DB0FFBCD1D04AED100DD4B94 /* UI */,
			);
			name = Util;
			sourceTree = "<group>";
		};
		DB0FFBC61D04A4B800DD4B94 /* Model */ = {
			isa = PBXGroup;
			children = (
				DB0FFBC71D04A4C500DD4B94 /* Events.swift */,
				DB2E698F1D217ACB00753FDE /* Topics.swift */,
				DB0FFBC91D04A53200DD4B94 /* Users.swift */,
				DB0FFBCB1D04A53800DD4B94 /* Locations.swift */,
				DB0FFBBB1D046FA800DD4B94 /* Session.swift */,
			);
			name = Model;
			sourceTree = "<group>";
		};
		DB0FFBCD1D04AED100DD4B94 /* UI */ = {
			isa = PBXGroup;
			children = (
				DBD5D7E41D0E1FFC0053DC6A /* KeyboardObserver.swift */,
				DB0FFBCE1D04AEDB00DD4B94 /* RoundRectButton.swift */,
				DB0FFBCF1D04AEDB00DD4B94 /* RoundRectView.swift */,
				DB0FFBDE1D04CD3900DD4B94 /* NSDate+Extension.swift */,
				DBB38A2A1D0D97B200BEE506 /* LandetTextField.swift */,
				DBA9B4131D11C21900DB6EBB /* CGExtras.swift */,
				DBB38A371D0DC04300BEE506 /* UIViewController+Extension.swift */,
			);
			name = UI;
			sourceTree = "<group>";
		};
		DB0FFBD21D04C32100DD4B94 /* Events */ = {
			isa = PBXGroup;
			children = (
				DB0FFBD71D04C34400DD4B94 /* Events.xcassets */,
				DB0FFBD51D04C33600DD4B94 /* Events.storyboard */,
				DB0FFBD31D04C32B00DD4B94 /* EventsViewController.swift */,
				DB0FFBD91D04C42000DD4B94 /* EventsTableViewController.swift */,
				DBB38A391D0DC0F100BEE506 /* EventsTableDataSource.swift */,
				DBD5D7D41D0E0F6A0053DC6A /* EventSummaryCell.swift */,
				DBD5D7D51D0E0F6A0053DC6A /* EventSummaryCell.xib */,
				DB36CDD81D062D0600B94422 /* Create */,
				DBB38A2E1D0DB56800BEE506 /* Details */,
			);
			name = Events;
			sourceTree = "<group>";
		};
		DB0FFBDB1D04C79900DD4B94 /* Cells */ = {
			isa = PBXGroup;
			children = (
				DBD5D7E01D0E1B380053DC6A /* CommentCell.swift */,
				DBD5D7E11D0E1B380053DC6A /* CommentCell.xib */,
				DBA9B40B1D11B9CD00DB6EBB /* TextFieldCell.swift */,
				DBA9B40C1D11B9CD00DB6EBB /* TextFieldCell.xib */,
				DBA9B40F1D11BD5A00DB6EBB /* SpinnerCell.swift */,
				DBA9B4101D11BD5A00DB6EBB /* SpinnerCell.xib */,
			);
			name = Cells;
			sourceTree = "<group>";
		};
		DB0FFBE01D05A9AC00DD4B94 /* Concurrency */ = {
			isa = PBXGroup;
			children = (
				DB0FFBE11D05A9BB00DD4B94 /* AsyncOperation.swift */,
				DB0FFBC41D049CF700DD4B94 /* Async.swift */,
			);
			name = Concurrency;
			sourceTree = "<group>";
		};
		DB2E69911D217F2800753FDE /* Cells */ = {
			isa = PBXGroup;
			children = (
				DB2E69921D217F6E00753FDE /* SpinnerCollectionViewCell.swift */,
				DB2E69931D217F6E00753FDE /* SpinnerCollectionViewCell.xib */,
			);
			name = Cells;
			sourceTree = "<group>";
		};
		DB2E69961D21804300753FDE /* Collection */ = {
			isa = PBXGroup;
			children = (
				DB2E69911D217F2800753FDE /* Cells */,
				DB2E69971D21805100753FDE /* LandetCollectionViewStyle.swift */,
			);
			name = Collection;
			sourceTree = "<group>";
		};
		DB36CDD81D062D0600B94422 /* Create */ = {
			isa = PBXGroup;
			children = (
				DB36CDD91D062D1A00B94422 /* CreateEvent.storyboard */,
				DB36CDDB1D062D2C00B94422 /* CreateEventViewController.swift */,
				DBB38A281D0D96B400BEE506 /* CreateEventTableViewController.swift */,
			);
			name = Create;
			sourceTree = "<group>";
		};
		DB36CDDD1D06303C00B94422 /* Modal Flows */ = {
			isa = PBXGroup;
			children = (
				DB36CDDE1D06305800B94422 /* Auth */,
			);
			name = "Modal Flows";
			sourceTree = "<group>";
		};
		DB36CDDE1D06305800B94422 /* Auth */ = {
			isa = PBXGroup;
			children = (
				DB36CDDF1D06306500B94422 /* Auth.storyboard */,
				DB36CDE41D06313100B94422 /* AuthOverlayController.swift */,
				DB36CDE21D06308500B94422 /* LoginViewController.swift */,
			);
			name = Auth;
			sourceTree = "<group>";
		};
		DB764B791D2C308400D0D638 /* Date picker */ = {
			isa = PBXGroup;
			children = (
				DB764B7B1D2C309400D0D638 /* DatePicker.swift */,
			);
			name = "Date picker";
			sourceTree = "<group>";
		};
		DB764B7A1D2C308900D0D638 /* Location picker */ = {
			isa = PBXGroup;
			children = (
				DB764B7D1D2C30B600D0D638 /* LocationPIcker.swift */,
			);
			name = "Location picker";
			sourceTree = "<group>";
		};
		DB764B811D2C4C2E00D0D638 /* Create */ = {
			isa = PBXGroup;
			children = (
				DB764B821D2C4C4600D0D638 /* CreateTopic.storyboard */,
				DB764B841D2C4C5300D0D638 /* CreateTopicViewController.swift */,
				DBAE84501D2D5F10000DF24D /* CreateTopicAnimator.swift */,
			);
			name = Create;
			sourceTree = "<group>";
		};
		DB95E2841D2EED0600EBC34E /* Location details */ = {
			isa = PBXGroup;
			children = (
				DB95E2891D2EEDCA00EBC34E /* LocationDetails.storyboard */,
				DB95E2851D2EED3300EBC34E /* LocationDetailsViewController.swift */,
				DB95E2871D2EED4300EBC34E /* LocationDetailsAnimator.swift */,
			);
			name = "Location details";
			sourceTree = "<group>";
		};
		DBB38A2E1D0DB56800BEE506 /* Details */ = {
			isa = PBXGroup;
			children = (
				DBB38A2F1D0DB57A00BEE506 /* EventDetails.storyboard */,
				DBB38A311D0DB58A00BEE506 /* EventDetailsViewController.swift */,
				DBB38A331D0DB59900BEE506 /* EventDetailsTableViewController.swift */,
				DBB38A351D0DB5AF00BEE506 /* EventDetailsTableDataSource.swift */,
				DBD5D7DD1D0E13640053DC6A /* CommentsHeaderView.swift */,
				DBD5D7DC1D0E13640053DC6A /* CommentsHeaderView.xib */,
				DB9592161D32635500E852D2 /* EventDetailsCell.swift */,
				DB9592171D32635500E852D2 /* EventDetailsCell.xib */,
			);
			name = Details;
			sourceTree = "<group>";
		};
		DBD1F80C1D045B0D0035A7B4 = {
			isa = PBXGroup;
			children = (
				DBD1F8171D045B0D0035A7B4 /* Landet */,
				DBD1F8161D045B0D0035A7B4 /* Products */,
			);
			sourceTree = "<group>";
		};
		DBD1F8161D045B0D0035A7B4 /* Products */ = {
			isa = PBXGroup;
			children = (
				DBD1F8151D045B0D0035A7B4 /* Landet.app */,
			);
			name = Products;
			sourceTree = "<group>";
		};
		DBD1F8171D045B0D0035A7B4 /* Landet */ = {
			isa = PBXGroup;
			children = (
				DBD1F8181D045B0D0035A7B4 /* AppDelegate.swift */,
				DB0FFBBA1D046F9A00DD4B94 /* API */,
				DBD1F83E1D04600E0035A7B4 /* Common */,
				DBD1F82C1D045B4A0035A7B4 /* Main Navigation */,
				DBD1F82D1D045B5F0035A7B4 /* Tabs */,
				DB36CDDD1D06303C00B94422 /* Modal Flows */,
				DB0FFBC31D049CEA00DD4B94 /* Util */,
				DBD1F8231D045B0D0035A7B4 /* LaunchScreen.storyboard */,
				DBD1F8261D045B0D0035A7B4 /* Info.plist */,
			);
			path = Landet;
			sourceTree = "<group>";
		};
		DBD1F82C1D045B4A0035A7B4 /* Main Navigation */ = {
			isa = PBXGroup;
			children = (
				DBD1F81E1D045B0D0035A7B4 /* AppNavigation.storyboard */,
				DBD1F8301D045BB10035A7B4 /* AppNavigationController.swift */,
			);
			name = "Main Navigation";
			sourceTree = "<group>";
		};
		DBD1F82D1D045B5F0035A7B4 /* Tabs */ = {
			isa = PBXGroup;
			children = (
				DB0FFBD21D04C32100DD4B94 /* Events */,
				DBD1F82E1D045B840035A7B4 /* Topics */,
				DBD1F82F1D045B8B0035A7B4 /* Map */,
			);
			name = Tabs;
			sourceTree = "<group>";
		};
		DBD1F82E1D045B840035A7B4 /* Topics */ = {
			isa = PBXGroup;
			children = (
				DBD1F8451D04688E0035A7B4 /* Topics.xcassets */,
				DBD1F8341D045C520035A7B4 /* Topics.storyboard */,
				DBD1F83A1D045F020035A7B4 /* TopicsViewController.swift */,
				DB057AFD1D28698300A1E08A /* TopicsRepository.swift */,
				DBDCC5041D1886FB00DD00C0 /* Topic table */,
				DBDCC5031D1886F200DD00C0 /* Topic header */,
				DB764B811D2C4C2E00D0D638 /* Create */,
			);
			name = Topics;
			sourceTree = "<group>";
		};
		DBD1F82F1D045B8B0035A7B4 /* Map */ = {
			isa = PBXGroup;
			children = (
				DBD1F8431D0468880035A7B4 /* Map.xcassets */,
				DBD1F8361D045C580035A7B4 /* Map.storyboard */,
				DBD1F8381D045EFA0035A7B4 /* MapViewController.swift */,
				DB95E2841D2EED0600EBC34E /* Location details */,
			);
			name = Map;
			sourceTree = "<group>";
		};
		DBD1F83E1D04600E0035A7B4 /* Common */ = {
			isa = PBXGroup;
			children = (
				DBD1F8211D045B0D0035A7B4 /* Common.xcassets */,
				DBD1F83F1D0460190035A7B4 /* Theme.swift */,
				DBD1F8411D04601E0035A7B4 /* Colors.swift */,
				DB057AFF1D29655100A1E08A /* Image */,
				DBD5D7D81D0E0FAB0053DC6A /* Table */,
				DB2E69961D21804300753FDE /* Collection */,
			);
			name = Common;
			sourceTree = "<group>";
		};
		DBD5D7D81D0E0FAB0053DC6A /* Table */ = {
			isa = PBXGroup;
			children = (
				DB0FFBDB1D04C79900DD4B94 /* Cells */,
				DBD5D7D91D0E0FB90053DC6A /* LandetTableViewStyle.swift */,
			);
			name = Table;
			sourceTree = "<group>";
		};
		DBDCC5031D1886F200DD00C0 /* Topic header */ = {
			isa = PBXGroup;
			children = (
				DBDCC5071D18875A00DD00C0 /* TopicsHeader.storyboard */,
				DBDCC5051D18874400DD00C0 /* TopicsHeaderViewController.swift */,
				DBDCC5091D188A7800DD00C0 /* TopicsHeaderCollectionViewCell.swift */,
				DB2E69991D21810400753FDE /* TopicsHeaderCollectionViewCell.xib */,
				DB22B2081D30124A007FE73C /* CreateTopicCollectionViewCell.swift */,
				DB22B2091D30124A007FE73C /* CreateTopicCollectionViewCell.xib */,
			);
			name = "Topic header";
			sourceTree = "<group>";
		};
		DBDCC5041D1886FB00DD00C0 /* Topic table */ = {
			isa = PBXGroup;
			children = (
				DBD1F83C1D045F5C0035A7B4 /* TopicsTableViewController.swift */,
			);
			name = "Topic table";
			sourceTree = "<group>";
		};
/* End PBXGroup section */

/* Begin PBXNativeTarget section */
		DBD1F8141D045B0D0035A7B4 /* Landet */ = {
			isa = PBXNativeTarget;
			buildConfigurationList = DBD1F8291D045B0D0035A7B4 /* Build configuration list for PBXNativeTarget "Landet" */;
			buildPhases = (
				DBD1F8111D045B0D0035A7B4 /* Sources */,
				DBD1F8121D045B0D0035A7B4 /* Frameworks */,
				DBD1F8131D045B0D0035A7B4 /* Resources */,
			);
			buildRules = (
			);
			dependencies = (
			);
			name = Landet;
			productName = Landet;
			productReference = DBD1F8151D045B0D0035A7B4 /* Landet.app */;
			productType = "com.apple.product-type.application";
		};
/* End PBXNativeTarget section */

/* Begin PBXProject section */
		DBD1F80D1D045B0D0035A7B4 /* Project object */ = {
			isa = PBXProject;
			attributes = {
				LastSwiftUpdateCheck = 0730;
				LastUpgradeCheck = 0730;
				ORGANIZATIONNAME = Landet;
				TargetAttributes = {
					DBD1F8141D045B0D0035A7B4 = {
						CreatedOnToolsVersion = 7.3.1;
					};
				};
			};
			buildConfigurationList = DBD1F8101D045B0D0035A7B4 /* Build configuration list for PBXProject "Landet" */;
			compatibilityVersion = "Xcode 3.2";
			developmentRegion = English;
			hasScannedForEncodings = 0;
			knownRegions = (
				en,
				Base,
			);
			mainGroup = DBD1F80C1D045B0D0035A7B4;
			productRefGroup = DBD1F8161D045B0D0035A7B4 /* Products */;
			projectDirPath = "";
			projectRoot = "";
			targets = (
				DBD1F8141D045B0D0035A7B4 /* Landet */,
			);
		};
/* End PBXProject section */

/* Begin PBXResourcesBuildPhase section */
		DBD1F8131D045B0D0035A7B4 /* Resources */ = {
			isa = PBXResourcesBuildPhase;
			buildActionMask = 2147483647;
			files = (
				DBD5D7E31D0E1B380053DC6A /* CommentCell.xib in Resources */,
				DBDCC5081D18875A00DD00C0 /* TopicsHeader.storyboard in Resources */,
				DB95E28A1D2EEDCA00EBC34E /* LocationDetails.storyboard in Resources */,
				DBD1F8441D0468880035A7B4 /* Map.xcassets in Resources */,
				DBD1F8251D045B0D0035A7B4 /* LaunchScreen.storyboard in Resources */,
				DB764B831D2C4C4600D0D638 /* CreateTopic.storyboard in Resources */,
				DBD1F8461D04688E0035A7B4 /* Topics.xcassets in Resources */,
				DB057B011D29656000A1E08A /* ImageHeader.storyboard in Resources */,
				DBD5D7DE1D0E13640053DC6A /* CommentsHeaderView.xib in Resources */,
				DB2E69951D217F6E00753FDE /* SpinnerCollectionViewCell.xib in Resources */,
				DBD1F8221D045B0D0035A7B4 /* Common.xcassets in Resources */,
				DBD1F8371D045C580035A7B4 /* Map.storyboard in Resources */,
				DB36CDDA1D062D1A00B94422 /* CreateEvent.storyboard in Resources */,
				DB9592191D32635500E852D2 /* EventDetailsCell.xib in Resources */,
				DBB38A301D0DB57A00BEE506 /* EventDetails.storyboard in Resources */,
				DB0FFBD61D04C33600DD4B94 /* Events.storyboard in Resources */,
				DBD5D7D71D0E0F6A0053DC6A /* EventSummaryCell.xib in Resources */,
				DBA9B40E1D11B9CD00DB6EBB /* TextFieldCell.xib in Resources */,
				DB0FFBD81D04C34400DD4B94 /* Events.xcassets in Resources */,
				DBA9B4121D11BD5A00DB6EBB /* SpinnerCell.xib in Resources */,
				DBD1F8351D045C520035A7B4 /* Topics.storyboard in Resources */,
				DB22B20B1D30124A007FE73C /* CreateTopicCollectionViewCell.xib in Resources */,
				DB2E699A1D21810400753FDE /* TopicsHeaderCollectionViewCell.xib in Resources */,
				DBD1F8201D045B0D0035A7B4 /* AppNavigation.storyboard in Resources */,
				DB36CDE01D06306500B94422 /* Auth.storyboard in Resources */,
			);
			runOnlyForDeploymentPostprocessing = 0;
		};
/* End PBXResourcesBuildPhase section */

/* Begin PBXSourcesBuildPhase section */
		DBD1F8111D045B0D0035A7B4 /* Sources */ = {
			isa = PBXSourcesBuildPhase;
			buildActionMask = 2147483647;
			files = (
				DBB38A291D0D96B400BEE506 /* CreateEventTableViewController.swift in Sources */,
				DBD5D7E51D0E1FFC0053DC6A /* KeyboardObserver.swift in Sources */,
				DB0FFBC81D04A4C500DD4B94 /* Events.swift in Sources */,
				DBD1F8421D04601E0035A7B4 /* Colors.swift in Sources */,
				DBB38A3A1D0DC0F100BEE506 /* EventsTableDataSource.swift in Sources */,
				DB0FFBD01D04AEDB00DD4B94 /* RoundRectButton.swift in Sources */,
				DBB38A381D0DC04300BEE506 /* UIViewController+Extension.swift in Sources */,
				DBD1F8401D0460190035A7B4 /* Theme.swift in Sources */,
				DB36CDE51D06313100B94422 /* AuthOverlayController.swift in Sources */,
				DB9592181D32635500E852D2 /* EventDetailsCell.swift in Sources */,
				DBB38A2D1D0DAA1900BEE506 /* APIUtil.swift in Sources */,
				DB95E2881D2EED4300EBC34E /* LocationDetailsAnimator.swift in Sources */,
				DBA9B4141D11C21900DB6EBB /* CGExtras.swift in Sources */,
				DB0FFBCC1D04A53800DD4B94 /* Locations.swift in Sources */,
				DB0FFBC01D04736B00DD4B94 /* APIClient.swift in Sources */,
				DB0FFBDF1D04CD3900DD4B94 /* NSDate+Extension.swift in Sources */,
				DB95E2861D2EED3300EBC34E /* LocationDetailsViewController.swift in Sources */,
				DB0FFBD11D04AEDB00DD4B94 /* RoundRectView.swift in Sources */,
				DBD1F8311D045BB10035A7B4 /* AppNavigationController.swift in Sources */,
				DB0FFBC51D049CF700DD4B94 /* Async.swift in Sources */,
				DB0FFBCA1D04A53200DD4B94 /* Users.swift in Sources */,
				DBDCC50A1D188A7800DD00C0 /* TopicsHeaderCollectionViewCell.swift in Sources */,
				DB057AFE1D28698300A1E08A /* TopicsRepository.swift in Sources */,
				DBD1F83B1D045F020035A7B4 /* TopicsViewController.swift in Sources */,
				DBDCC5061D18874400DD00C0 /* TopicsHeaderViewController.swift in Sources */,
				DBAE84511D2D5F10000DF24D /* CreateTopicAnimator.swift in Sources */,
				DBD5D7DA1D0E0FB90053DC6A /* LandetTableViewStyle.swift in Sources */,
				DBB38A341D0DB59900BEE506 /* EventDetailsTableViewController.swift in Sources */,
				DBD5D7E21D0E1B380053DC6A /* CommentCell.swift in Sources */,
				DB36CDDC1D062D2C00B94422 /* CreateEventViewController.swift in Sources */,
				DB0FFBE21D05A9BB00DD4B94 /* AsyncOperation.swift in Sources */,
				DB764B851D2C4C5300D0D638 /* CreateTopicViewController.swift in Sources */,
				DB0FFBE41D05AA6C00DD4B94 /* LandetAPIError.swift in Sources */,
				DB22B20A1D30124A007FE73C /* CreateTopicCollectionViewCell.swift in Sources */,
				DB2E69981D21805100753FDE /* LandetCollectionViewStyle.swift in Sources */,
				DB764B7C1D2C309400D0D638 /* DatePicker.swift in Sources */,
				DB2E69901D217ACB00753FDE /* Topics.swift in Sources */,
				DB2E69941D217F6E00753FDE /* SpinnerCollectionViewCell.swift in Sources */,
				DBD5D7D61D0E0F6A0053DC6A /* EventSummaryCell.swift in Sources */,
				DBD5D7DF1D0E13640053DC6A /* CommentsHeaderView.swift in Sources */,
				DBD1F8191D045B0D0035A7B4 /* AppDelegate.swift in Sources */,
				DB0FFBDA1D04C42000DD4B94 /* EventsTableViewController.swift in Sources */,
				DB36CDD71D05C15200B94422 /* APIOperation.swift in Sources */,
				DB0FFBBE1D04719200DD4B94 /* LandetAPI.swift in Sources */,
				DB764B801D2C39AC00D0D638 /* ImageLoader.swift in Sources */,
				DB0FFBC21D04983700DD4B94 /* HttpStatusCodes.swift in Sources */,
				DBA9B40D1D11B9CD00DB6EBB /* TextFieldCell.swift in Sources */,
				DBB38A361D0DB5AF00BEE506 /* EventDetailsTableDataSource.swift in Sources */,
				DB057B031D29657400A1E08A /* ImageHeaderViewController.swift in Sources */,
				DBD1F8391D045EFA0035A7B4 /* MapViewController.swift in Sources */,
				DB764B7E1D2C30B600D0D638 /* LocationPIcker.swift in Sources */,
				DBD1F83D1D045F5C0035A7B4 /* TopicsTableViewController.swift in Sources */,
				DBB38A321D0DB58A00BEE506 /* EventDetailsViewController.swift in Sources */,
				DB0FFBBC1D046FA800DD4B94 /* Session.swift in Sources */,
				DBA9B4111D11BD5A00DB6EBB /* SpinnerCell.swift in Sources */,
				DB36CDE31D06308500B94422 /* LoginViewController.swift in Sources */,
				DB0FFBD41D04C32B00DD4B94 /* EventsViewController.swift in Sources */,
				DBB38A2B1D0D97B200BEE506 /* LandetTextField.swift in Sources */,
			);
			runOnlyForDeploymentPostprocessing = 0;
		};
/* End PBXSourcesBuildPhase section */

/* Begin PBXVariantGroup section */
		DBD1F81E1D045B0D0035A7B4 /* AppNavigation.storyboard */ = {
			isa = PBXVariantGroup;
			children = (
				DBD1F81F1D045B0D0035A7B4 /* Base */,
			);
			name = AppNavigation.storyboard;
			sourceTree = "<group>";
		};
		DBD1F8231D045B0D0035A7B4 /* LaunchScreen.storyboard */ = {
			isa = PBXVariantGroup;
			children = (
				DBD1F8241D045B0D0035A7B4 /* Base */,
			);
			name = LaunchScreen.storyboard;
			sourceTree = "<group>";
		};
/* End PBXVariantGroup section */

/* Begin XCBuildConfiguration section */
		DBD1F8271D045B0D0035A7B4 /* Debug */ = {
			isa = XCBuildConfiguration;
			buildSettings = {
				ALWAYS_SEARCH_USER_PATHS = NO;
				CLANG_ANALYZER_NONNULL = YES;
				CLANG_CXX_LANGUAGE_STANDARD = "gnu++0x";
				CLANG_CXX_LIBRARY = "libc++";
				CLANG_ENABLE_MODULES = YES;
				CLANG_ENABLE_OBJC_ARC = YES;
				CLANG_WARN_BOOL_CONVERSION = YES;
				CLANG_WARN_CONSTANT_CONVERSION = YES;
				CLANG_WARN_DIRECT_OBJC_ISA_USAGE = YES_ERROR;
				CLANG_WARN_EMPTY_BODY = YES;
				CLANG_WARN_ENUM_CONVERSION = YES;
				CLANG_WARN_INT_CONVERSION = YES;
				CLANG_WARN_OBJC_ROOT_CLASS = YES_ERROR;
				CLANG_WARN_UNREACHABLE_CODE = YES;
				CLANG_WARN__DUPLICATE_METHOD_MATCH = YES;
				"CODE_SIGN_IDENTITY[sdk=iphoneos*]" = "iPhone Developer";
				COPY_PHASE_STRIP = NO;
				DEBUG_INFORMATION_FORMAT = dwarf;
				ENABLE_STRICT_OBJC_MSGSEND = YES;
				ENABLE_TESTABILITY = YES;
				GCC_C_LANGUAGE_STANDARD = gnu99;
				GCC_DYNAMIC_NO_PIC = NO;
				GCC_NO_COMMON_BLOCKS = YES;
				GCC_OPTIMIZATION_LEVEL = 0;
				GCC_PREPROCESSOR_DEFINITIONS = (
					"DEBUG=1",
					"$(inherited)",
				);
				GCC_WARN_64_TO_32_BIT_CONVERSION = YES;
				GCC_WARN_ABOUT_RETURN_TYPE = YES_ERROR;
				GCC_WARN_UNDECLARED_SELECTOR = YES;
				GCC_WARN_UNINITIALIZED_AUTOS = YES_AGGRESSIVE;
				GCC_WARN_UNUSED_FUNCTION = YES;
				GCC_WARN_UNUSED_VARIABLE = YES;
				IPHONEOS_DEPLOYMENT_TARGET = 9.3;
				MTL_ENABLE_DEBUG_INFO = YES;
				ONLY_ACTIVE_ARCH = YES;
				SDKROOT = iphoneos;
				SWIFT_OPTIMIZATION_LEVEL = "-Onone";
			};
			name = Debug;
		};
		DBD1F8281D045B0D0035A7B4 /* Release */ = {
			isa = XCBuildConfiguration;
			buildSettings = {
				ALWAYS_SEARCH_USER_PATHS = NO;
				CLANG_ANALYZER_NONNULL = YES;
				CLANG_CXX_LANGUAGE_STANDARD = "gnu++0x";
				CLANG_CXX_LIBRARY = "libc++";
				CLANG_ENABLE_MODULES = YES;
				CLANG_ENABLE_OBJC_ARC = YES;
				CLANG_WARN_BOOL_CONVERSION = YES;
				CLANG_WARN_CONSTANT_CONVERSION = YES;
				CLANG_WARN_DIRECT_OBJC_ISA_USAGE = YES_ERROR;
				CLANG_WARN_EMPTY_BODY = YES;
				CLANG_WARN_ENUM_CONVERSION = YES;
				CLANG_WARN_INT_CONVERSION = YES;
				CLANG_WARN_OBJC_ROOT_CLASS = YES_ERROR;
				CLANG_WARN_UNREACHABLE_CODE = YES;
				CLANG_WARN__DUPLICATE_METHOD_MATCH = YES;
				"CODE_SIGN_IDENTITY[sdk=iphoneos*]" = "iPhone Developer";
				COPY_PHASE_STRIP = NO;
				DEBUG_INFORMATION_FORMAT = "dwarf-with-dsym";
				ENABLE_NS_ASSERTIONS = NO;
				ENABLE_STRICT_OBJC_MSGSEND = YES;
				GCC_C_LANGUAGE_STANDARD = gnu99;
				GCC_NO_COMMON_BLOCKS = YES;
				GCC_WARN_64_TO_32_BIT_CONVERSION = YES;
				GCC_WARN_ABOUT_RETURN_TYPE = YES_ERROR;
				GCC_WARN_UNDECLARED_SELECTOR = YES;
				GCC_WARN_UNINITIALIZED_AUTOS = YES_AGGRESSIVE;
				GCC_WARN_UNUSED_FUNCTION = YES;
				GCC_WARN_UNUSED_VARIABLE = YES;
				IPHONEOS_DEPLOYMENT_TARGET = 9.3;
				MTL_ENABLE_DEBUG_INFO = NO;
				SDKROOT = iphoneos;
				VALIDATE_PRODUCT = YES;
			};
			name = Release;
		};
		DBD1F82A1D045B0D0035A7B4 /* Debug */ = {
			isa = XCBuildConfiguration;
			buildSettings = {
				ASSETCATALOG_COMPILER_APPICON_NAME = AppIcon;
				INFOPLIST_FILE = Landet/Info.plist;
				LD_RUNPATH_SEARCH_PATHS = "$(inherited) @executable_path/Frameworks";
				PRODUCT_BUNDLE_IDENTIFIER = am.byst.Landet;
				PRODUCT_NAME = "$(TARGET_NAME)";
			};
			name = Debug;
		};
		DBD1F82B1D045B0D0035A7B4 /* Release */ = {
			isa = XCBuildConfiguration;
			buildSettings = {
				ASSETCATALOG_COMPILER_APPICON_NAME = AppIcon;
				"CODE_SIGN_IDENTITY[sdk=iphoneos*]" = "iPhone Distribution: Fredrik Bystam (3C8Q5NWSHD)";
				INFOPLIST_FILE = Landet/Info.plist;
				LD_RUNPATH_SEARCH_PATHS = "$(inherited) @executable_path/Frameworks";
				PRODUCT_BUNDLE_IDENTIFIER = am.byst.Landet;
				PRODUCT_NAME = "$(TARGET_NAME)";
				SWIFT_OPTIMIZATION_LEVEL = "-Owholemodule";
			};
			name = Release;
		};
/* End XCBuildConfiguration section */

/* Begin XCConfigurationList section */
		DBD1F8101D045B0D0035A7B4 /* Build configuration list for PBXProject "Landet" */ = {
			isa = XCConfigurationList;
			buildConfigurations = (
				DBD1F8271D045B0D0035A7B4 /* Debug */,
				DBD1F8281D045B0D0035A7B4 /* Release */,
			);
			defaultConfigurationIsVisible = 0;
			defaultConfigurationName = Release;
		};
		DBD1F8291D045B0D0035A7B4 /* Build configuration list for PBXNativeTarget "Landet" */ = {
			isa = XCConfigurationList;
			buildConfigurations = (
				DBD1F82A1D045B0D0035A7B4 /* Debug */,
				DBD1F82B1D045B0D0035A7B4 /* Release */,
			);
			defaultConfigurationIsVisible = 0;
			defaultConfigurationName = Release;
		};
/* End XCConfigurationList section */
	};
	rootObject = DBD1F80D1D045B0D0035A7B4 /* Project object */;
}
